
Microsoft Visual Studio Solution File, Format Version 12.00
# Visual Studio Version 17
VisualStudioVersion = 17.13.35825.156
MinimumVisualStudioVersion = 10.0.40219.1
Project("{FAE04EC0-301F-11D3-BF4B-00C04F79EFBC}") = "KursBus2", "WebApplication2\KursBus2.csproj", "{D97B8C85-2E9F-4DC6-B2CD-A6719729DFE0}"
EndProject
Project("{FAE04EC0-301F-11D3-BF4B-00C04F79EFBC}") = "ClientKursBus2", "ClientKursBus2\ClientKursBus2.csproj", "{C3869D9A-C1F8-44A4-AF81-48F63D8624BF}"
EndProject
Global
	GlobalSection(SolutionConfigurationPlatforms) = preSolution
		Debug|Any CPU = Debug|Any CPU
		Release|Any CPU = Release|Any CPU
	EndGlobalSection
	GlobalSection(ProjectConfigurationPlatforms) = postSolution
		{D97B8C85-2E9F-4DC6-B2CD-A6719729DFE0}.Debug|Any CPU.ActiveCfg = Debug|Any CPU
		{D97B8C85-2E9F-4DC6-B2CD-A6719729DFE0}.Debug|Any CPU.Build.0 = Debug|Any CPU
		{D97B8C85-2E9F-4DC6-B2CD-A6719729DFE0}.Release|Any CPU.ActiveCfg = Release|Any CPU
		{D97B8C85-2E9F-4DC6-B2CD-A6719729DFE0}.Release|Any CPU.Build.0 = Release|Any CPU
		{C3869D9A-C1F8-44A4-AF81-48F63D8624BF}.Debug|Any CPU.ActiveCfg = Debug|Any CPU
		{C3869D9A-C1F8-44A4-AF81-48F63D8624BF}.Debug|Any CPU.Build.0 = Debug|Any CPU
		{C3869D9A-C1F8-44A4-AF81-48F63D8624BF}.Release|Any CPU.ActiveCfg = Release|Any CPU
		{C3869D9A-C1F8-44A4-AF81-48F63D8624BF}.Release|Any CPU.Build.0 = Release|Any CPU
	EndGlobalSection
	GlobalSection(SolutionProperties) = preSolution
		HideSolutionNode = FALSE
	EndGlobalSection
	GlobalSection(ExtensibilityGlobals) = postSolution
		SolutionGuid = {19FCEFB5-516E-4DE5-BBD9-5254DF8E4D62}
	EndGlobalSection
EndGlobal
